
Microsoft Visual Studio Solution File, Format Version 12.00
# Visual Studio Version 17
VisualStudioVersion = 17.12.35527.113 d17.12
MinimumVisualStudioVersion = 10.0.40219.1
Project("{FAE04EC0-301F-11D3-BF4B-00C04F79EFBC}") = "BankingManagementSystem", "BankingManagementSystem\BankingManagementSystem.csproj", "{B06CF8C1-F8F7-4D1B-8E91-0DBA04161CAA}"
EndProject
Global
	GlobalSection(SolutionConfigurationPlatforms) = preSolution
		Debug|Any CPU = Debug|Any CPU
		Release|Any CPU = Release|Any CPU
	EndGlobalSection
	GlobalSection(ProjectConfigurationPlatforms) = postSolution
		{B06CF8C1-F8F7-4D1B-8E91-0DBA04161CAA}.Debug|Any CPU.ActiveCfg = Debug|Any CPU
		{B06CF8C1-F8F7-4D1B-8E91-0DBA04161CAA}.Debug|Any CPU.Build.0 = Debug|Any CPU
		{B06CF8C1-F8F7-4D1B-8E91-0DBA04161CAA}.Release|Any CPU.ActiveCfg = Release|Any CPU
		{B06CF8C1-F8F7-4D1B-8E91-0DBA04161CAA}.Release|Any CPU.Build.0 = Release|Any CPU
	EndGlobalSection
	GlobalSection(SolutionProperties) = preSolution
		HideSolutionNode = FALSE
	EndGlobalSection
EndGlobal
